github.com/stevezaluk/mtgjson-models v1.0.0 h1:bhLKDtf6VQoC1AwNzD+OGCE4HsDdBDWjyTkwrSt9qMY=
github.com/stevezaluk/mtgjson-models v1.0.0/go.mod h1:a/eGQqz5d3YnzI9RutaTuj7/3ylq6RojMAWg/fYb7xc=
github.com/stevezaluk/mtgjson-models v1.0.9 h1:3UXdYl1SvNi/jfCl0XxT0KhWRkdrU4xcCu/GYj98QIw=
github.com/stevezaluk/mtgjson-models v1.0.9/go.mod h1:a/eGQqz5d3YnzI9RutaTuj7/3ylq6RojMAWg/fYb7xc=
